
Microsoft Visual Studio Solution File, Format Version 12.00
# Visual Studio Version 16
VisualStudioVersion = 16.0.31112.23
MinimumVisualStudioVersion = 10.0.40219.1
Project("{FAE04EC0-301F-11D3-BF4B-00C04F79EFBC}") = "DarwoftMarket", "DarwoftMarket\DarwoftMarket.csproj", "{D64121E1-361B-4F10-BA40-0BC9D11E8BD6}"
EndProject
Global
	GlobalSection(SolutionConfigurationPlatforms) = preSolution
		Debug|Any CPU = Debug|Any CPU
		Release|Any CPU = Release|Any CPU
	EndGlobalSection
	GlobalSection(ProjectConfigurationPlatforms) = postSolution
		{D64121E1-361B-4F10-BA40-0BC9D11E8BD6}.Debug|Any CPU.ActiveCfg = Debug|Any CPU
		{D64121E1-361B-4F10-BA40-0BC9D11E8BD6}.Debug|Any CPU.Build.0 = Debug|Any CPU
		{D64121E1-361B-4F10-BA40-0BC9D11E8BD6}.Release|Any CPU.ActiveCfg = Release|Any CPU
		{D64121E1-361B-4F10-BA40-0BC9D11E8BD6}.Release|Any CPU.Build.0 = Release|Any CPU
	EndGlobalSection
	GlobalSection(SolutionProperties) = preSolution
		HideSolutionNode = FALSE
	EndGlobalSection
	GlobalSection(ExtensibilityGlobals) = postSolution
		SolutionGuid = {32242954-681A-4FA1-8240-9BFAA33D4BE9}
	EndGlobalSection
EndGlobal
